{
  "name": "scheduleMaker",
  "lockfileVersion": 3,
  "requires": true,
  "packages": {
    "": {
      "dependencies": {
        "papaparse": "^5.4.1",
        "pocketbase": "^0.21.3"
      }
    },
    "node_modules/papaparse": {
      "version": "5.4.1",
      "resolved": "https://registry.npmjs.org/papaparse/-/papaparse-5.4.1.tgz",
      "integrity": "sha512-HipMsgJkZu8br23pW15uvo6sib6wne/4woLZPlFf3rpDyMe9ywEXUsuD7+6K9PRkJlVT51j/sCOYDKGGS3ZJrw=="
    },
    "node_modules/pocketbase": {
      "version": "0.21.3",
      "resolved": "https://registry.npmjs.org/pocketbase/-/pocketbase-0.21.3.tgz",
      "integrity": "sha512-bsQRZ1mj4dhPJ4P5iSrDqWQtBX2NtuBkf6IOZwTv27zZOw6zrISgo963i5JD/99qKKD5aMSMDPGk1BE9ZyI7Cg=="
    }
  }
}
